// !$*UTF8*$!
{
	archiveVersion = 1;
	classes = {
	};
	objectVersion = 50;
	objects = {

/* Begin PBXBuildFile section */
		27A402364F37242146A22198 /* Pods_Todoey.framework in Frameworks */ = {isa = PBXBuildFile; fileRef = 8CB2F007A94E370BCB7FD1D4 /* Pods_Todoey.framework */; };
		EB42B6B32100CB7F008B8746 /* Item.swift in Sources */ = {isa = PBXBuildFile; fileRef = EB42B6B22100CB7F008B8746 /* Item.swift */; };
		EB42B6B52100CB8A008B8746 /* Category.swift in Sources */ = {isa = PBXBuildFile; fileRef = EB42B6B42100CB8A008B8746 /* Category.swift */; };
		EB6CE91520FFA095005BBE99 /* CategoryTableViewController.swift in Sources */ = {isa = PBXBuildFile; fileRef = EB6CE91420FFA095005BBE99 /* CategoryTableViewController.swift */; };
		EB9FA01C20FDFCD10046AB17 /* AppDelegate.swift in Sources */ = {isa = PBXBuildFile; fileRef = EB9FA01B20FDFCD10046AB17 /* AppDelegate.swift */; };
		EB9FA01E20FDFCD10046AB17 /* TodoListViewController.swift in Sources */ = {isa = PBXBuildFile; fileRef = EB9FA01D20FDFCD10046AB17 /* TodoListViewController.swift */; };
		EB9FA02120FDFCD10046AB17 /* Main.storyboard in Resources */ = {isa = PBXBuildFile; fileRef = EB9FA01F20FDFCD10046AB17 /* Main.storyboard */; };
		EB9FA02320FDFCD30046AB17 /* Assets.xcassets in Resources */ = {isa = PBXBuildFile; fileRef = EB9FA02220FDFCD30046AB17 /* Assets.xcassets */; };
		EB9FA02620FDFCD30046AB17 /* LaunchScreen.storyboard in Resources */ = {isa = PBXBuildFile; fileRef = EB9FA02420FDFCD30046AB17 /* LaunchScreen.storyboard */; };
/* End PBXBuildFile section */

/* Begin PBXFileReference section */
		8CB2F007A94E370BCB7FD1D4 /* Pods_Todoey.framework */ = {isa = PBXFileReference; explicitFileType = wrapper.framework; includeInIndex = 0; path = Pods_Todoey.framework; sourceTree = BUILT_PRODUCTS_DIR; };
		C894CE84B56164B4BEBDB3D4 /* Pods-Todoey.debug.xcconfig */ = {isa = PBXFileReference; includeInIndex = 1; lastKnownFileType = text.xcconfig; name = "Pods-Todoey.debug.xcconfig"; path = "Pods/Target Support Files/Pods-Todoey/Pods-Todoey.debug.xcconfig"; sourceTree = "<group>"; };
		DD41A36607A60FD7161D56D3 /* Pods-Todoey.release.xcconfig */ = {isa = PBXFileReference; includeInIndex = 1; lastKnownFileType = text.xcconfig; name = "Pods-Todoey.release.xcconfig"; path = "Pods/Target Support Files/Pods-Todoey/Pods-Todoey.release.xcconfig"; sourceTree = "<group>"; };
		EB42B6B22100CB7F008B8746 /* Item.swift */ = {isa = PBXFileReference; lastKnownFileType = sourcecode.swift; path = Item.swift; sourceTree = "<group>"; };
		EB42B6B42100CB8A008B8746 /* Category.swift */ = {isa = PBXFileReference; lastKnownFileType = sourcecode.swift; path = Category.swift; sourceTree = "<group>"; };
		EB6CE91420FFA095005BBE99 /* CategoryTableViewController.swift */ = {isa = PBXFileReference; lastKnownFileType = sourcecode.swift; path = CategoryTableViewController.swift; sourceTree = "<group>"; };
		EB9FA01820FDFCD10046AB17 /* Todoey.app */ = {isa = PBXFileReference; explicitFileType = wrapper.application; includeInIndex = 0; path = Todoey.app; sourceTree = BUILT_PRODUCTS_DIR; };
		EB9FA01B20FDFCD10046AB17 /* AppDelegate.swift */ = {isa = PBXFileReference; lastKnownFileType = sourcecode.swift; path = AppDelegate.swift; sourceTree = "<group>"; };
		EB9FA01D20FDFCD10046AB17 /* TodoListViewController.swift */ = {isa = PBXFileReference; lastKnownFileType = sourcecode.swift; path = TodoListViewController.swift; sourceTree = "<group>"; };
		EB9FA02020FDFCD10046AB17 /* Base */ = {isa = PBXFileReference; lastKnownFileType = file.storyboard; name = Base; path = Base.lproj/Main.storyboard; sourceTree = "<group>"; };
		EB9FA02220FDFCD30046AB17 /* Assets.xcassets */ = {isa = PBXFileReference; lastKnownFileType = folder.assetcatalog; path = Assets.xcassets; sourceTree = "<group>"; };
		EB9FA02520FDFCD30046AB17 /* Base */ = {isa = PBXFileReference; lastKnownFileType = file.storyboard; name = Base; path = Base.lproj/LaunchScreen.storyboard; sourceTree = "<group>"; };
		EB9FA02720FDFCD30046AB17 /* Info.plist */ = {isa = PBXFileReference; lastKnownFileType = text.plist.xml; path = Info.plist; sourceTree = "<group>"; };
/* End PBXFileReference section */

/* Begin PBXFrameworksBuildPhase section */
		EB9FA01520FDFCD10046AB17 /* Frameworks */ = {
			isa = PBXFrameworksBuildPhase;
			buildActionMask = 2147483647;
			files = (
				27A402364F37242146A22198 /* Pods_Todoey.framework in Frameworks */,
			);
			runOnlyForDeploymentPostprocessing = 0;
		};
/* End PBXFrameworksBuildPhase section */

/* Begin PBXGroup section */
		12958D2A5A19C6BE8E62D7F1 /* Frameworks */ = {
			isa = PBXGroup;
			children = (
				8CB2F007A94E370BCB7FD1D4 /* Pods_Todoey.framework */,
			);
			name = Frameworks;
			sourceTree = "<group>";
		};
		9BFBB919C668A6BE6EF33F29 /* Pods */ = {
			isa = PBXGroup;
			children = (
				C894CE84B56164B4BEBDB3D4 /* Pods-Todoey.debug.xcconfig */,
				DD41A36607A60FD7161D56D3 /* Pods-Todoey.release.xcconfig */,
			);
			name = Pods;
			sourceTree = "<group>";
		};
		EB9FA00F20FDFCD10046AB17 = {
			isa = PBXGroup;
			children = (
				EB9FA01A20FDFCD10046AB17 /* Todoey */,
				EB9FA01920FDFCD10046AB17 /* Products */,
				9BFBB919C668A6BE6EF33F29 /* Pods */,
				12958D2A5A19C6BE8E62D7F1 /* Frameworks */,
			);
			sourceTree = "<group>";
		};
		EB9FA01920FDFCD10046AB17 /* Products */ = {
			isa = PBXGroup;
			children = (
				EB9FA01820FDFCD10046AB17 /* Todoey.app */,
			);
			name = Products;
			sourceTree = "<group>";
		};
		EB9FA01A20FDFCD10046AB17 /* Todoey */ = {
			isa = PBXGroup;
			children = (
				EB9FA01B20FDFCD10046AB17 /* AppDelegate.swift */,
				EBD884F720FE704E002A3437 /* Controllers */,
				EBD884F620FE7021002A3437 /* Data Model */,
				EBD884F820FE7065002A3437 /* Views */,
				EBD884F920FE7078002A3437 /* Supporting files */,
				EB9FA02720FDFCD30046AB17 /* Info.plist */,
			);
			path = Todoey;
			sourceTree = "<group>";
		};
		EBD884F620FE7021002A3437 /* Data Model */ = {
			isa = PBXGroup;
			children = (
				EB42B6B42100CB8A008B8746 /* Category.swift */,
				EB42B6B22100CB7F008B8746 /* Item.swift */,
			);
			path = "Data Model";
			sourceTree = "<group>";
		};
		EBD884F720FE704E002A3437 /* Controllers */ = {
			isa = PBXGroup;
			children = (
				EB6CE91420FFA095005BBE99 /* CategoryTableViewController.swift */,
				EB9FA01D20FDFCD10046AB17 /* TodoListViewController.swift */,
			);
			path = Controllers;
			sourceTree = "<group>";
		};
		EBD884F820FE7065002A3437 /* Views */ = {
			isa = PBXGroup;
			children = (
				EB9FA01F20FDFCD10046AB17 /* Main.storyboard */,
			);
			path = Views;
			sourceTree = "<group>";
		};
		EBD884F920FE7078002A3437 /* Supporting files */ = {
			isa = PBXGroup;
			children = (
				EB9FA02220FDFCD30046AB17 /* Assets.xcassets */,
				EB9FA02420FDFCD30046AB17 /* LaunchScreen.storyboard */,
			);
			path = "Supporting files";
			sourceTree = "<group>";
		};
/* End PBXGroup section */

/* Begin PBXNativeTarget section */
		EB9FA01720FDFCD10046AB17 /* Todoey */ = {
			isa = PBXNativeTarget;
			buildConfigurationList = EB9FA02A20FDFCD30046AB17 /* Build configuration list for PBXNativeTarget "Todoey" */;
			buildPhases = (
				26A2C2E2810D8464A06D6DC3 /* [CP] Check Pods Manifest.lock */,
				EB9FA01420FDFCD10046AB17 /* Sources */,
				EB9FA01520FDFCD10046AB17 /* Frameworks */,
				EB9FA01620FDFCD10046AB17 /* Resources */,
				9225EAE33E0D40A85130133C /* [CP] Embed Pods Frameworks */,
			);
			buildRules = (
			);
			dependencies = (
			);
			name = Todoey;
			productName = Todoey;
			productReference = EB9FA01820FDFCD10046AB17 /* Todoey.app */;
			productType = "com.apple.product-type.application";
		};
/* End PBXNativeTarget section */

/* Begin PBXProject section */
		EB9FA01020FDFCD10046AB17 /* Project object */ = {
			isa = PBXProject;
			attributes = {
				LastSwiftUpdateCheck = 0940;
				LastUpgradeCheck = 0940;
				ORGANIZATIONNAME = "Pedro da Cunha";
				TargetAttributes = {
					EB9FA01720FDFCD10046AB17 = {
						CreatedOnToolsVersion = 9.4.1;
					};
				};
			};
			buildConfigurationList = EB9FA01320FDFCD10046AB17 /* Build configuration list for PBXProject "Todoey" */;
			compatibilityVersion = "Xcode 9.3";
			developmentRegion = en;
			hasScannedForEncodings = 0;
			knownRegions = (
				en,
				Base,
			);
			mainGroup = EB9FA00F20FDFCD10046AB17;
			productRefGroup = EB9FA01920FDFCD10046AB17 /* Products */;
			projectDirPath = "";
			projectRoot = "";
			targets = (
				EB9FA01720FDFCD10046AB17 /* Todoey */,
			);
		};
/* End PBXProject section */

/* Begin PBXResourcesBuildPhase section */
		EB9FA01620FDFCD10046AB17 /* Resources */ = {
			isa = PBXResourcesBuildPhase;
			buildActionMask = 2147483647;
			files = (
				EB9FA02620FDFCD30046AB17 /* LaunchScreen.storyboard in Resources */,
				EB9FA02320FDFCD30046AB17 /* Assets.xcassets in Resources */,
				EB9FA02120FDFCD10046AB17 /* Main.storyboard in Resources */,
			);
			runOnlyForDeploymentPostprocessing = 0;
		};
/* End PBXResourcesBuildPhase section */

/* Begin PBXShellScriptBuildPhase section */
		26A2C2E2810D8464A06D6DC3 /* [CP] Check Pods Manifest.lock */ = {
			isa = PBXShellScriptBuildPhase;
			buildActionMask = 2147483647;
			files = (
			);
			inputPaths = (
				"${PODS_PODFILE_DIR_PATH}/Podfile.lock",
				"${PODS_ROOT}/Manifest.lock",
			);
			name = "[CP] Check Pods Manifest.lock";
			outputPaths = (
				"$(DERIVED_FILE_DIR)/Pods-Todoey-checkManifestLockResult.txt",
			);
			runOnlyForDeploymentPostprocessing = 0;
			shellPath = /bin/sh;
			shellScript = "diff \"${PODS_PODFILE_DIR_PATH}/Podfile.lock\" \"${PODS_ROOT}/Manifest.lock\" > /dev/null\nif [ $? != 0 ] ; then\n    # print error to STDERR\n    echo \"error: The sandbox is not in sync with the Podfile.lock. Run 'pod install' or update your CocoaPods installation.\" >&2\n    exit 1\nfi\n# This output is used by Xcode 'outputs' to avoid re-running this script phase.\necho \"SUCCESS\" > \"${SCRIPT_OUTPUT_FILE_0}\"\n";
			showEnvVarsInLog = 0;
		};
		9225EAE33E0D40A85130133C /* [CP] Embed Pods Frameworks */ = {
			isa = PBXShellScriptBuildPhase;
			buildActionMask = 2147483647;
			files = (
			);
			inputPaths = (
				"${SRCROOT}/Pods/Target Support Files/Pods-Todoey/Pods-Todoey-frameworks.sh",
				"${BUILT_PRODUCTS_DIR}/Realm/Realm.framework",
				"${BUILT_PRODUCTS_DIR}/RealmSwift/RealmSwift.framework",
			);
			name = "[CP] Embed Pods Frameworks";
			outputPaths = (
				"${TARGET_BUILD_DIR}/${FRAMEWORKS_FOLDER_PATH}/Realm.framework",
				"${TARGET_BUILD_DIR}/${FRAMEWORKS_FOLDER_PATH}/RealmSwift.framework",
			);
			runOnlyForDeploymentPostprocessing = 0;
			shellPath = /bin/sh;
			shellScript = "\"${SRCROOT}/Pods/Target Support Files/Pods-Todoey/Pods-Todoey-frameworks.sh\"\n";
			showEnvVarsInLog = 0;
		};
/* End PBXShellScriptBuildPhase section */

/* Begin PBXSourcesBuildPhase section */
		EB9FA01420FDFCD10046AB17 /* Sources */ = {
			isa = PBXSourcesBuildPhase;
			buildActionMask = 2147483647;
			files = (
				EB42B6B32100CB7F008B8746 /* Item.swift in Sources */,
				EB9FA01E20FDFCD10046AB17 /* TodoListViewController.swift in Sources */,
				EB9FA01C20FDFCD10046AB17 /* AppDelegate.swift in Sources */,
				EB6CE91520FFA095005BBE99 /* CategoryTableViewController.swift in Sources */,
				EB42B6B52100CB8A008B8746 /* Category.swift in Sources */,
			);
			runOnlyForDeploymentPostprocessing = 0;
		};
/* End PBXSourcesBuildPhase section */

/* Begin PBXVariantGroup section */
		EB9FA01F20FDFCD10046AB17 /* Main.storyboard */ = {
			isa = PBXVariantGroup;
			children = (
				EB9FA02020FDFCD10046AB17 /* Base */,
			);
			name = Main.storyboard;
			sourceTree = "<group>";
		};
		EB9FA02420FDFCD30046AB17 /* LaunchScreen.storyboard */ = {
			isa = PBXVariantGroup;
			children = (
				EB9FA02520FDFCD30046AB17 /* Base */,
			);
			name = LaunchScreen.storyboard;
			sourceTree = "<group>";
		};
/* End PBXVariantGroup section */

/* Begin XCBuildConfiguration section */
		EB9FA02820FDFCD30046AB17 /* Debug */ = {
			isa = XCBuildConfiguration;
			buildSettings = {
				ALWAYS_SEARCH_USER_PATHS = NO;
				CLANG_ANALYZER_NONNULL = YES;
				CLANG_ANALYZER_NUMBER_OBJECT_CONVERSION = YES_AGGRESSIVE;
				CLANG_CXX_LANGUAGE_STANDARD = "gnu++14";
				CLANG_CXX_LIBRARY = "libc++";
				CLANG_ENABLE_MODULES = YES;
				CLANG_ENABLE_OBJC_ARC = YES;
				CLANG_ENABLE_OBJC_WEAK = YES;
				CLANG_WARN_BLOCK_CAPTURE_AUTORELEASING = YES;
				CLANG_WARN_BOOL_CONVERSION = YES;
				CLANG_WARN_COMMA = YES;
				CLANG_WARN_CONSTANT_CONVERSION = YES;
				CLANG_WARN_DEPRECATED_OBJC_IMPLEMENTATIONS = YES;
				CLANG_WARN_DIRECT_OBJC_ISA_USAGE = YES_ERROR;
				CLANG_WARN_DOCUMENTATION_COMMENTS = YES;
				CLANG_WARN_EMPTY_BODY = YES;
				CLANG_WARN_ENUM_CONVERSION = YES;
				CLANG_WARN_INFINITE_RECURSION = YES;
				CLANG_WARN_INT_CONVERSION = YES;
				CLANG_WARN_NON_LITERAL_NULL_CONVERSION = YES;
				CLANG_WARN_OBJC_IMPLICIT_RETAIN_SELF = YES;
				CLANG_WARN_OBJC_LITERAL_CONVERSION = YES;
				CLANG_WARN_OBJC_ROOT_CLASS = YES_ERROR;
				CLANG_WARN_RANGE_LOOP_ANALYSIS = YES;
				CLANG_WARN_STRICT_PROTOTYPES = YES;
				CLANG_WARN_SUSPICIOUS_MOVE = YES;
				CLANG_WARN_UNGUARDED_AVAILABILITY = YES_AGGRESSIVE;
				CLANG_WARN_UNREACHABLE_CODE = YES;
				CLANG_WARN__DUPLICATE_METHOD_MATCH = YES;
				CODE_SIGN_IDENTITY = "iPhone Developer";
				COPY_PHASE_STRIP = NO;
				DEBUG_INFORMATION_FORMAT = dwarf;
				ENABLE_STRICT_OBJC_MSGSEND = YES;
				ENABLE_TESTABILITY = YES;
				GCC_C_LANGUAGE_STANDARD = gnu11;
				GCC_DYNAMIC_NO_PIC = NO;
				GCC_NO_COMMON_BLOCKS = YES;
				GCC_OPTIMIZATION_LEVEL = 0;
				GCC_PREPROCESSOR_DEFINITIONS = (
					"DEBUG=1",
					"$(inherited)",
				);
				GCC_WARN_64_TO_32_BIT_CONVERSION = YES;
				GCC_WARN_ABOUT_RETURN_TYPE = YES_ERROR;
				GCC_WARN_UNDECLARED_SELECTOR = YES;
				GCC_WARN_UNINITIALIZED_AUTOS = YES_AGGRESSIVE;
				GCC_WARN_UNUSED_FUNCTION = YES;
				GCC_WARN_UNUSED_VARIABLE = YES;
				IPHONEOS_DEPLOYMENT_TARGET = 11.4;
				MTL_ENABLE_DEBUG_INFO = YES;
				ONLY_ACTIVE_ARCH = YES;
				SDKROOT = iphoneos;
				SWIFT_ACTIVE_COMPILATION_CONDITIONS = DEBUG;
				SWIFT_OPTIMIZATION_LEVEL = "-Onone";
			};
			name = Debug;
		};
		EB9FA02920FDFCD30046AB17 /* Release */ = {
			isa = XCBuildConfiguration;
			buildSettings = {
				ALWAYS_SEARCH_USER_PATHS = NO;
				CLANG_ANALYZER_NONNULL = YES;
				CLANG_ANALYZER_NUMBER_OBJECT_CONVERSION = YES_AGGRESSIVE;
				CLANG_CXX_LANGUAGE_STANDARD = "gnu++14";
				CLANG_CXX_LIBRARY = "libc++";
				CLANG_ENABLE_MODULES = YES;
				CLANG_ENABLE_OBJC_ARC = YES;
				CLANG_ENABLE_OBJC_WEAK = YES;
				CLANG_WARN_BLOCK_CAPTURE_AUTORELEASING = YES;
				CLANG_WARN_BOOL_CONVERSION = YES;
				CLANG_WARN_COMMA = YES;
				CLANG_WARN_CONSTANT_CONVERSION = YES;
				CLANG_WARN_DEPRECATED_OBJC_IMPLEMENTATIONS = YES;
				CLANG_WARN_DIRECT_OBJC_ISA_USAGE = YES_ERROR;
				CLANG_WARN_DOCUMENTATION_COMMENTS = YES;
				CLANG_WARN_EMPTY_BODY = YES;
				CLANG_WARN_ENUM_CONVERSION = YES;
				CLANG_WARN_INFINITE_RECURSION = YES;
				CLANG_WARN_INT_CONVERSION = YES;
				CLANG_WARN_NON_LITERAL_NULL_CONVERSION = YES;
				CLANG_WARN_OBJC_IMPLICIT_RETAIN_SELF = YES;
				CLANG_WARN_OBJC_LITERAL_CONVERSION = YES;
				CLANG_WARN_OBJC_ROOT_CLASS = YES_ERROR;
				CLANG_WARN_RANGE_LOOP_ANALYSIS = YES;
				CLANG_WARN_STRICT_PROTOTYPES = YES;
				CLANG_WARN_SUSPICIOUS_MOVE = YES;
				CLANG_WARN_UNGUARDED_AVAILABILITY = YES_AGGRESSIVE;
				CLANG_WARN_UNREACHABLE_CODE = YES;
				CLANG_WARN__DUPLICATE_METHOD_MATCH = YES;
				CODE_SIGN_IDENTITY = "iPhone Developer";
				COPY_PHASE_STRIP = NO;
				DEBUG_INFORMATION_FORMAT = "dwarf-with-dsym";
				ENABLE_NS_ASSERTIONS = NO;
				ENABLE_STRICT_OBJC_MSGSEND = YES;
				GCC_C_LANGUAGE_STANDARD = gnu11;
				GCC_NO_COMMON_BLOCKS = YES;
				GCC_WARN_64_TO_32_BIT_CONVERSION = YES;
				GCC_WARN_ABOUT_RETURN_TYPE = YES_ERROR;
				GCC_WARN_UNDECLARED_SELECTOR = YES;
				GCC_WARN_UNINITIALIZED_AUTOS = YES_AGGRESSIVE;
				GCC_WARN_UNUSED_FUNCTION = YES;
				GCC_WARN_UNUSED_VARIABLE = YES;
				IPHONEOS_DEPLOYMENT_TARGET = 11.4;
				MTL_ENABLE_DEBUG_INFO = NO;
				SDKROOT = iphoneos;
				SWIFT_COMPILATION_MODE = wholemodule;
				SWIFT_OPTIMIZATION_LEVEL = "-O";
				VALIDATE_PRODUCT = YES;
			};
			name = Release;
		};
		EB9FA02B20FDFCD30046AB17 /* Debug */ = {
			isa = XCBuildConfiguration;
			baseConfigurationReference = C894CE84B56164B4BEBDB3D4 /* Pods-Todoey.debug.xcconfig */;
			buildSettings = {
				ASSETCATALOG_COMPILER_APPICON_NAME = AppIcon;
				CODE_SIGN_STYLE = Automatic;
				DEVELOPMENT_TEAM = WFTV6NQYK3;
				INFOPLIST_FILE = Todoey/Info.plist;
				LD_RUNPATH_SEARCH_PATHS = (
					"$(inherited)",
					"@executable_path/Frameworks",
				);
				PRODUCT_BUNDLE_IDENTIFIER = com.pedrodacunha.Todoey;
				PRODUCT_NAME = "$(TARGET_NAME)";
				SWIFT_VERSION = 4.0;
				TARGETED_DEVICE_FAMILY = "1,2";
			};
			name = Debug;
		};
		EB9FA02C20FDFCD30046AB17 /* Release */ = {
			isa = XCBuildConfiguration;
			baseConfigurationReference = DD41A36607A60FD7161D56D3 /* Pods-Todoey.release.xcconfig */;
			buildSettings = {
				ASSETCATALOG_COMPILER_APPICON_NAME = AppIcon;
				CODE_SIGN_STYLE = Automatic;
				DEVELOPMENT_TEAM = WFTV6NQYK3;
				INFOPLIST_FILE = Todoey/Info.plist;
				LD_RUNPATH_SEARCH_PATHS = (
					"$(inherited)",
					"@executable_path/Frameworks",
				);
				PRODUCT_BUNDLE_IDENTIFIER = com.pedrodacunha.Todoey;
				PRODUCT_NAME = "$(TARGET_NAME)";
				SWIFT_VERSION = 4.0;
				TARGETED_DEVICE_FAMILY = "1,2";
			};
			name = Release;
		};
/* End XCBuildConfiguration section */

/* Begin XCConfigurationList section */
		EB9FA01320FDFCD10046AB17 /* Build configuration list for PBXProject "Todoey" */ = {
			isa = XCConfigurationList;
			buildConfigurations = (
				EB9FA02820FDFCD30046AB17 /* Debug */,
				EB9FA02920FDFCD30046AB17 /* Release */,
			);
			defaultConfigurationIsVisible = 0;
			defaultConfigurationName = Release;
		};
		EB9FA02A20FDFCD30046AB17 /* Build configuration list for PBXNativeTarget "Todoey" */ = {
			isa = XCConfigurationList;
			buildConfigurations = (
				EB9FA02B20FDFCD30046AB17 /* Debug */,
				EB9FA02C20FDFCD30046AB17 /* Release */,
			);
			defaultConfigurationIsVisible = 0;
			defaultConfigurationName = Release;
		};
/* End XCConfigurationList section */
	};
	rootObject = EB9FA01020FDFCD10046AB17 /* Project object */;
}
